// !$*UTF8*$!
{
	archiveVersion = 1;
	classes = {
	};
	objectVersion = 46;
	objects = {

/* Begin PBXBuildFile section */
		840472AB19976FC200E54933 /* Images.xcassets in Resources */ = {isa = PBXBuildFile; fileRef = 840472AA19976FC200E54933 /* Images.xcassets */; };
		840472AF1997730700E54933 /* Settings_SegmentCell.m in Sources */ = {isa = PBXBuildFile; fileRef = 840472AD1997730700E54933 /* Settings_SegmentCell.m */; };
		840472B01997730700E54933 /* Settings_SegmentCell.xib in Resources */ = {isa = PBXBuildFile; fileRef = 840472AE1997730700E54933 /* Settings_SegmentCell.xib */; };
		840472B9199777A500E54933 /* Settings_DistanceTypeCell.m in Sources */ = {isa = PBXBuildFile; fileRef = 840472B7199777A500E54933 /* Settings_DistanceTypeCell.m */; };
		840472BA199777A500E54933 /* Settings_DistanceTypeCell.xib in Resources */ = {isa = PBXBuildFile; fileRef = 840472B8199777A500E54933 /* Settings_DistanceTypeCell.xib */; };
		840472BE1997790800E54933 /* RightImageCell.m in Sources */ = {isa = PBXBuildFile; fileRef = 840472BC1997790800E54933 /* RightImageCell.m */; };
		840472BF1997790800E54933 /* RightImageCell.xib in Resources */ = {isa = PBXBuildFile; fileRef = 840472BD1997790800E54933 /* RightImageCell.xib */; };
		840472C81997881400E54933 /* UserInfo_PickerCell.m in Sources */ = {isa = PBXBuildFile; fileRef = 840472C61997881400E54933 /* UserInfo_PickerCell.m */; };
		840472C91997881400E54933 /* UserInfo_PickerCell.xib in Resources */ = {isa = PBXBuildFile; fileRef = 840472C71997881400E54933 /* UserInfo_PickerCell.xib */; };
		840472CD1997899200E54933 /* UserInfo_EmailCell.m in Sources */ = {isa = PBXBuildFile; fileRef = 840472CB1997899200E54933 /* UserInfo_EmailCell.m */; };
		840472CE1997899200E54933 /* UserInfo_EmailCell.xib in Resources */ = {isa = PBXBuildFile; fileRef = 840472CC1997899200E54933 /* UserInfo_EmailCell.xib */; };
		840472D219978A2500E54933 /* UserInfo_GenderCell.m in Sources */ = {isa = PBXBuildFile; fileRef = 840472D019978A2500E54933 /* UserInfo_GenderCell.m */; };
		840472D319978A2500E54933 /* UserInfo_GenderCell.xib in Resources */ = {isa = PBXBuildFile; fileRef = 840472D119978A2500E54933 /* UserInfo_GenderCell.xib */; };
		840472D61997A06600E54933 /* MyRoute.m in Sources */ = {isa = PBXBuildFile; fileRef = 840472D51997A06600E54933 /* MyRoute.m */; };
		840472D91997A06700E54933 /* MyUser.m in Sources */ = {isa = PBXBuildFile; fileRef = 840472D81997A06700E54933 /* MyUser.m */; };
		8407D5A4197D040400177962 /* ListUserViewController.m in Sources */ = {isa = PBXBuildFile; fileRef = 8407D5A3197D040400177962 /* ListUserViewController.m */; };
		840F347119836F1500839995 /* MyPickerView.m in Sources */ = {isa = PBXBuildFile; fileRef = 840F345E19836F1500839995 /* MyPickerView.m */; };
		840F347219836F1500839995 /* RouteDetailCell.m in Sources */ = {isa = PBXBuildFile; fileRef = 840F346019836F1500839995 /* RouteDetailCell.m */; };
		840F347319836F1500839995 /* RouteDetailCell.xib in Resources */ = {isa = PBXBuildFile; fileRef = 840F346119836F1500839995 /* RouteDetailCell.xib */; };
		840F347419836F1500839995 /* RouteOverviewCell.m in Sources */ = {isa = PBXBuildFile; fileRef = 840F346319836F1500839995 /* RouteOverviewCell.m */; };
		840F347519836F1500839995 /* RouteOverviewCell.xib in Resources */ = {isa = PBXBuildFile; fileRef = 840F346419836F1500839995 /* RouteOverviewCell.xib */; };
		840F347619836F1500839995 /* HistoryCell.m in Sources */ = {isa = PBXBuildFile; fileRef = 840F346619836F1500839995 /* HistoryCell.m */; };
		840F347719836F1500839995 /* HistoryCell.xib in Resources */ = {isa = PBXBuildFile; fileRef = 840F346719836F1500839995 /* HistoryCell.xib */; };
		840F347819836F1500839995 /* ListUserCell.m in Sources */ = {isa = PBXBuildFile; fileRef = 840F346919836F1500839995 /* ListUserCell.m */; };
		840F347919836F1500839995 /* ListUserCell.xib in Resources */ = {isa = PBXBuildFile; fileRef = 840F346A19836F1500839995 /* ListUserCell.xib */; };
		84132A2D197D50EF0077B926 /* CoreDataFuntions.m in Sources */ = {isa = PBXBuildFile; fileRef = 84132A2C197D50EF0077B926 /* CoreDataFuntions.m */; };
		8417C17C197AA32300007269 /* Foundation.framework in Frameworks */ = {isa = PBXBuildFile; fileRef = 8417C17B197AA32300007269 /* Foundation.framework */; };
		8417C17E197AA32300007269 /* CoreGraphics.framework in Frameworks */ = {isa = PBXBuildFile; fileRef = 8417C17D197AA32300007269 /* CoreGraphics.framework */; };
		8417C180197AA32300007269 /* UIKit.framework in Frameworks */ = {isa = PBXBuildFile; fileRef = 8417C17F197AA32300007269 /* UIKit.framework */; };
		8417C182197AA32300007269 /* CoreData.framework in Frameworks */ = {isa = PBXBuildFile; fileRef = 8417C181197AA32300007269 /* CoreData.framework */; };
		8417C188197AA32300007269 /* InfoPlist.strings in Resources */ = {isa = PBXBuildFile; fileRef = 8417C186197AA32300007269 /* InfoPlist.strings */; };
		8417C18A197AA32300007269 /* main.m in Sources */ = {isa = PBXBuildFile; fileRef = 8417C189197AA32300007269 /* main.m */; };
		8417C18E197AA32300007269 /* AppDelegate.m in Sources */ = {isa = PBXBuildFile; fileRef = 8417C18D197AA32300007269 /* AppDelegate.m */; };
		8417C191197AA32300007269 /* iHealthKit.xcdatamodeld in Sources */ = {isa = PBXBuildFile; fileRef = 8417C18F197AA32300007269 /* iHealthKit.xcdatamodeld */; };
		8417C19A197AA32300007269 /* XCTest.framework in Frameworks */ = {isa = PBXBuildFile; fileRef = 8417C199197AA32300007269 /* XCTest.framework */; };
		8417C19B197AA32300007269 /* Foundation.framework in Frameworks */ = {isa = PBXBuildFile; fileRef = 8417C17B197AA32300007269 /* Foundation.framework */; };
		8417C19C197AA32400007269 /* UIKit.framework in Frameworks */ = {isa = PBXBuildFile; fileRef = 8417C17F197AA32300007269 /* UIKit.framework */; };
		8417C19D197AA32400007269 /* CoreData.framework in Frameworks */ = {isa = PBXBuildFile; fileRef = 8417C181197AA32300007269 /* CoreData.framework */; };
		8417C1A5197AA32400007269 /* InfoPlist.strings in Resources */ = {isa = PBXBuildFile; fileRef = 8417C1A3197AA32400007269 /* InfoPlist.strings */; };
		8417C1A7197AA32400007269 /* iHealthKitTests.m in Sources */ = {isa = PBXBuildFile; fileRef = 8417C1A6197AA32400007269 /* iHealthKitTests.m */; };
		8417C1F5197AA43200007269 /* MyLocationManager.m in Sources */ = {isa = PBXBuildFile; fileRef = 8417C1C2197AA43200007269 /* MyLocationManager.m */; };
		8417C1FF197AA43200007269 /* LeftMenuViewController.m in Sources */ = {isa = PBXBuildFile; fileRef = 8417C1D6197AA43200007269 /* LeftMenuViewController.m */; };
		8417C206197AA43200007269 /* SettingsViewController.m in Sources */ = {isa = PBXBuildFile; fileRef = 8417C1E4197AA43200007269 /* SettingsViewController.m */; };
		8417C208197AA43200007269 /* TrackingViewController.m in Sources */ = {isa = PBXBuildFile; fileRef = 8417C1E7197AA43200007269 /* TrackingViewController.m */; };
		8417C209197AA43200007269 /* TrackingViewController.xib in Resources */ = {isa = PBXBuildFile; fileRef = 8417C1E8197AA43200007269 /* TrackingViewController.xib */; };
		8417C20C197AA43200007269 /* MyVisualStateManager.m in Sources */ = {isa = PBXBuildFile; fileRef = 8417C1EE197AA43200007269 /* MyVisualStateManager.m */; };
		8417C21C197AACD500007269 /* RouteViewController.m in Sources */ = {isa = PBXBuildFile; fileRef = 8417C21A197AACD500007269 /* RouteViewController.m */; };
		8417C21D197AACD500007269 /* RouteViewController.xib in Resources */ = {isa = PBXBuildFile; fileRef = 8417C21B197AACD500007269 /* RouteViewController.xib */; };
		8417C21F197AAE7F00007269 /* CoreLocation.framework in Frameworks */ = {isa = PBXBuildFile; fileRef = 8417C21E197AAE7F00007269 /* CoreLocation.framework */; };
		8417C221197AAE8800007269 /* MapKit.framework in Frameworks */ = {isa = PBXBuildFile; fileRef = 8417C220197AAE8800007269 /* MapKit.framework */; };
		8417C223197AAE8D00007269 /* QuartzCore.framework in Frameworks */ = {isa = PBXBuildFile; fileRef = 8417C222197AAE8D00007269 /* QuartzCore.framework */; };
		8417C226197ABE1F00007269 /* CommonFunctions.m in Sources */ = {isa = PBXBuildFile; fileRef = 8417C225197ABE1F00007269 /* CommonFunctions.m */; };
		8418A1071994BC2500742EEB /* annotation_finished.png in Resources */ = {isa = PBXBuildFile; fileRef = 8418A0E31994BC2500742EEB /* annotation_finished.png */; };
		8418A1081994BC2500742EEB /* annotation_finished20.png in Resources */ = {isa = PBXBuildFile; fileRef = 8418A0E41994BC2500742EEB /* annotation_finished20.png */; };
		8418A1091994BC2500742EEB /* annotation_start.png in Resources */ = {isa = PBXBuildFile; fileRef = 8418A0E51994BC2500742EEB /* annotation_start.png */; };
		8418A10A1994BC2500742EEB /* annotation_start20.png in Resources */ = {isa = PBXBuildFile; fileRef = 8418A0E61994BC2500742EEB /* annotation_start20.png */; };
		8418A10B1994BC2500742EEB /* check_icon.png in Resources */ = {isa = PBXBuildFile; fileRef = 8418A0E71994BC2500742EEB /* check_icon.png */; };
		8418A10C1994BC2500742EEB /* icon_Activity.png in Resources */ = {isa = PBXBuildFile; fileRef = 8418A0E91994BC2500742EEB /* icon_Activity.png */; };
		8418A10D1994BC2500742EEB /* icon_Activity2.png in Resources */ = {isa = PBXBuildFile; fileRef = 8418A0EA1994BC2500742EEB /* icon_Activity2.png */; };
		8418A10E1994BC2500742EEB /* icon_History.png in Resources */ = {isa = PBXBuildFile; fileRef = 8418A0EB1994BC2500742EEB /* icon_History.png */; };
		8418A10F1994BC2500742EEB /* icon_Settings.png in Resources */ = {isa = PBXBuildFile; fileRef = 8418A0EC1994BC2500742EEB /* icon_Settings.png */; };
		8418A1101994BC2500742EEB /* icon_SwitchUser.png in Resources */ = {isa = PBXBuildFile; fileRef = 8418A0ED1994BC2500742EEB /* icon_SwitchUser.png */; };
		8418A1111994BC2500742EEB /* icon_UserInfo.png in Resources */ = {isa = PBXBuildFile; fileRef = 8418A0EE1994BC2500742EEB /* icon_UserInfo.png */; };
		8418A1121994BC2500742EEB /* icon_paceAvg.png in Resources */ = {isa = PBXBuildFile; fileRef = 8418A0F01994BC2500742EEB /* icon_paceAvg.png */; };
		8418A1131994BC2500742EEB /* icon_paceMax.png in Resources */ = {isa = PBXBuildFile; fileRef = 8418A0F11994BC2500742EEB /* icon_paceMax.png */; };
		8418A1141994BC2500742EEB /* icon_speedAvg.png in Resources */ = {isa = PBXBuildFile; fileRef = 8418A0F21994BC2500742EEB /* icon_speedAvg.png */; };
		8418A1151994BC2500742EEB /* icon_speedMax.png in Resources */ = {isa = PBXBuildFile; fileRef = 8418A0F31994BC2500742EEB /* icon_speedMax.png */; };
		8418A1161994BC2500742EEB /* icon_timeStart.png in Resources */ = {isa = PBXBuildFile; fileRef = 8418A0F41994BC2500742EEB /* icon_timeStart.png */; };
		8418A1171994BC2500742EEB /* icon_timeStop.png in Resources */ = {isa = PBXBuildFile; fileRef = 8418A0F51994BC2500742EEB /* icon_timeStop.png */; };
		8418A1181994BC2500742EEB /* show_location.png in Resources */ = {isa = PBXBuildFile; fileRef = 8418A0F61994BC2500742EEB /* show_location.png */; };
		8418A1191994BC2500742EEB /* icon_signal_invalid.png in Resources */ = {isa = PBXBuildFile; fileRef = 8418A0F81994BC2500742EEB /* icon_signal_invalid.png */; };
		8418A11A1994BC2500742EEB /* icon_signal_medium.png in Resources */ = {isa = PBXBuildFile; fileRef = 8418A0F91994BC2500742EEB /* icon_signal_medium.png */; };
		8418A11B1994BC2500742EEB /* icon_signal_strong.png in Resources */ = {isa = PBXBuildFile; fileRef = 8418A0FA1994BC2500742EEB /* icon_signal_strong.png */; };
		8418A11C1994BC2500742EEB /* icon_signal_weak.png in Resources */ = {isa = PBXBuildFile; fileRef = 8418A0FB1994BC2500742EEB /* icon_signal_weak.png */; };
		8418A11D1994BC2500742EEB /* TrainingType_Running.png in Resources */ = {isa = PBXBuildFile; fileRef = 8418A0FC1994BC2500742EEB /* TrainingType_Running.png */; };
		8418A11E1994BC2500742EEB /* uncheck_icon.png in Resources */ = {isa = PBXBuildFile; fileRef = 8418A0FD1994BC2500742EEB /* uncheck_icon.png */; };
		8418A11F1994BC2500742EEB /* avatar_female.jpg in Resources */ = {isa = PBXBuildFile; fileRef = 8418A0FF1994BC2500742EEB /* avatar_female.jpg */; };
		8418A1201994BC2500742EEB /* avatar_male.jpg in Resources */ = {isa = PBXBuildFile; fileRef = 8418A1001994BC2500742EEB /* avatar_male.jpg */; };
		8418A1211994BC2500742EEB /* icon_moon.png in Resources */ = {isa = PBXBuildFile; fileRef = 8418A1011994BC2500742EEB /* icon_moon.png */; };
		8418A1221994BC2500742EEB /* icon_sun.png in Resources */ = {isa = PBXBuildFile; fileRef = 8418A1021994BC2500742EEB /* icon_sun.png */; };
		8418A1231994BC2500742EEB /* Default-568h@2x.png in Resources */ = {isa = PBXBuildFile; fileRef = 8418A1041994BC2500742EEB /* Default-568h@2x.png */; };
		8418A1241994BC2500742EEB /* Default.png in Resources */ = {isa = PBXBuildFile; fileRef = 8418A1051994BC2500742EEB /* Default.png */; };
		8418A1251994BC2500742EEB /* Default@2x.png in Resources */ = {isa = PBXBuildFile; fileRef = 8418A1061994BC2500742EEB /* Default@2x.png */; };
		841CCE4119852F0200DD6631 /* CWStatusBarNotification.m in Sources */ = {isa = PBXBuildFile; fileRef = 841CCE3619852F0200DD6631 /* CWStatusBarNotification.m */; };
		841CCE4219852F0200DD6631 /* MMDrawerBarButtonItem.m in Sources */ = {isa = PBXBuildFile; fileRef = 841CCE3919852F0200DD6631 /* MMDrawerBarButtonItem.m */; };
		841CCE4319852F0200DD6631 /* MMDrawerController.m in Sources */ = {isa = PBXBuildFile; fileRef = 841CCE3C19852F0200DD6631 /* MMDrawerController.m */; };
		841CCE4419852F0200DD6631 /* MMDrawerVisualState.m in Sources */ = {isa = PBXBuildFile; fileRef = 841CCE3E19852F0200DD6631 /* MMDrawerVisualState.m */; };
		841CCE4519852F0200DD6631 /* UIViewController+MMDrawerController.m in Sources */ = {isa = PBXBuildFile; fileRef = 841CCE4019852F0200DD6631 /* UIViewController+MMDrawerController.m */; };
		84215AF91984C13D0016EF80 /* DistanceTypeChooserViewController.m in Sources */ = {isa = PBXBuildFile; fileRef = 84215AF81984C13D0016EF80 /* DistanceTypeChooserViewController.m */; };
		8421E5DA199682AA00EC18E8 /* icon-120.png in Resources */ = {isa = PBXBuildFile; fileRef = 8421E5D3199682AA00EC18E8 /* icon-120.png */; };
		8421E5DB199682AA00EC18E8 /* icon-58.png in Resources */ = {isa = PBXBuildFile; fileRef = 8421E5D4199682AA00EC18E8 /* icon-58.png */; };
		8421E5DC199682AA00EC18E8 /* icon-72.png in Resources */ = {isa = PBXBuildFile; fileRef = 8421E5D5199682AA00EC18E8 /* icon-72.png */; };
		8421E5DD199682AA00EC18E8 /* icon-72@2x.png in Resources */ = {isa = PBXBuildFile; fileRef = 8421E5D6199682AA00EC18E8 /* icon-72@2x.png */; };
		8421E5DE199682AA00EC18E8 /* icon-80.png in Resources */ = {isa = PBXBuildFile; fileRef = 8421E5D7199682AA00EC18E8 /* icon-80.png */; };
		8421E5DF199682AA00EC18E8 /* icon.png in Resources */ = {isa = PBXBuildFile; fileRef = 8421E5D8199682AA00EC18E8 /* icon.png */; };
		8421E5E0199682AA00EC18E8 /* icon@2x.png in Resources */ = {isa = PBXBuildFile; fileRef = 8421E5D9199682AA00EC18E8 /* icon@2x.png */; };
		842BC1BD199625BB00B235F1 /* LeftMenuHeaderCell.m in Sources */ = {isa = PBXBuildFile; fileRef = 842BC1BB199625BB00B235F1 /* LeftMenuHeaderCell.m */; };
		842BC1BE199625BB00B235F1 /* LeftMenuHeaderCell.xib in Resources */ = {isa = PBXBuildFile; fileRef = 842BC1BC199625BB00B235F1 /* LeftMenuHeaderCell.xib */; };
		842BC1C0199635A500B235F1 /* AVFoundation.framework in Frameworks */ = {isa = PBXBuildFile; fileRef = 842BC1BF199635A500B235F1 /* AVFoundation.framework */; };
		843C22E81984018300197D31 /* LeftMenuCell.m in Sources */ = {isa = PBXBuildFile; fileRef = 843C22E61984018300197D31 /* LeftMenuCell.m */; };
		843C22E91984018300197D31 /* LeftMenuCell.xib in Resources */ = {isa = PBXBuildFile; fileRef = 843C22E71984018300197D31 /* LeftMenuCell.xib */; };
		8457FCD119824437005EC2C7 /* MyNavigationViewController.m in Sources */ = {isa = PBXBuildFile; fileRef = 8457FCD019824437005EC2C7 /* MyNavigationViewController.m */; };
		84DC67B31998F38200E6EB3D /* MetValue.plist in Resources */ = {isa = PBXBuildFile; fileRef = 84DC67B21998F38100E6EB3D /* MetValue.plist */; };
		84E6A8E4199252CF001A982D /* HistoryViewController.m in Sources */ = {isa = PBXBuildFile; fileRef = 84E6A8E2199252CF001A982D /* HistoryViewController.m */; };
		84E6A8E5199252CF001A982D /* HistoryViewController.xib in Resources */ = {isa = PBXBuildFile; fileRef = 84E6A8E3199252CF001A982D /* HistoryViewController.xib */; };
		84ED9EDE19932C72007D5E13 /* RouteAnnotationView.m in Sources */ = {isa = PBXBuildFile; fileRef = 84ED9EDD19932C72007D5E13 /* RouteAnnotationView.m */; };
		84F1CC5D19811B0100F257A9 /* UserViewController.m in Sources */ = {isa = PBXBuildFile; fileRef = 84F1CC5C19811B0100F257A9 /* UserViewController.m */; };
		84F9B2C3199718CC00E71140 /* UserInfo_NameCell.m in Sources */ = {isa = PBXBuildFile; fileRef = 84F9B2C1199718CC00E71140 /* UserInfo_NameCell.m */; };
		84F9B2C4199718CC00E71140 /* UserInfo_NameCell.xib in Resources */ = {isa = PBXBuildFile; fileRef = 84F9B2C2199718CC00E71140 /* UserInfo_NameCell.xib */; };
/* End PBXBuildFile section */

/* Begin PBXContainerItemProxy section */
		8417C19E197AA32400007269 /* PBXContainerItemProxy */ = {
			isa = PBXContainerItemProxy;
			containerPortal = 8417C170197AA32300007269 /* Project object */;
			proxyType = 1;
			remoteGlobalIDString = 8417C177197AA32300007269;
			remoteInfo = iHealthKit;
		};
/* End PBXContainerItemProxy section */

/* Begin PBXFileReference section */
		840472AA19976FC200E54933 /* Images.xcassets */ = {isa = PBXFileReference; lastKnownFileType = folder.assetcatalog; path = Images.xcassets; sourceTree = "<group>"; };
		840472AC1997730700E54933 /* Settings_SegmentCell.h */ = {isa = PBXFileReference; fileEncoding = 4; lastKnownFileType = sourcecode.c.h; path = Settings_SegmentCell.h; sourceTree = "<group>"; };
		840472AD1997730700E54933 /* Settings_SegmentCell.m */ = {isa = PBXFileReference; fileEncoding = 4; lastKnownFileType = sourcecode.c.objc; path = Settings_SegmentCell.m; sourceTree = "<group>"; };
		840472AE1997730700E54933 /* Settings_SegmentCell.xib */ = {isa = PBXFileReference; fileEncoding = 4; lastKnownFileType = file.xib; path = Settings_SegmentCell.xib; sourceTree = "<group>"; };
		840472B6199777A500E54933 /* Settings_DistanceTypeCell.h */ = {isa = PBXFileReference; fileEncoding = 4; lastKnownFileType = sourcecode.c.h; path = Settings_DistanceTypeCell.h; sourceTree = "<group>"; };
		840472B7199777A500E54933 /* Settings_DistanceTypeCell.m */ = {isa = PBXFileReference; fileEncoding = 4; lastKnownFileType = sourcecode.c.objc; path = Settings_DistanceTypeCell.m; sourceTree = "<group>"; };
		840472B8199777A500E54933 /* Settings_DistanceTypeCell.xib */ = {isa = PBXFileReference; fileEncoding = 4; lastKnownFileType = file.xib; path = Settings_DistanceTypeCell.xib; sourceTree = "<group>"; };
		840472BB1997790800E54933 /* RightImageCell.h */ = {isa = PBXFileReference; fileEncoding = 4; lastKnownFileType = sourcecode.c.h; path = RightImageCell.h; sourceTree = "<group>"; };
		840472BC1997790800E54933 /* RightImageCell.m */ = {isa = PBXFileReference; fileEncoding = 4; lastKnownFileType = sourcecode.c.objc; path = RightImageCell.m; sourceTree = "<group>"; };
		840472BD1997790800E54933 /* RightImageCell.xib */ = {isa = PBXFileReference; fileEncoding = 4; lastKnownFileType = file.xib; path = RightImageCell.xib; sourceTree = "<group>"; };
		840472C51997881400E54933 /* UserInfo_PickerCell.h */ = {isa = PBXFileReference; fileEncoding = 4; lastKnownFileType = sourcecode.c.h; path = UserInfo_PickerCell.h; sourceTree = "<group>"; };
		840472C61997881400E54933 /* UserInfo_PickerCell.m */ = {isa = PBXFileReference; fileEncoding = 4; lastKnownFileType = sourcecode.c.objc; path = UserInfo_PickerCell.m; sourceTree = "<group>"; };
		840472C71997881400E54933 /* UserInfo_PickerCell.xib */ = {isa = PBXFileReference; fileEncoding = 4; lastKnownFileType = file.xib; path = UserInfo_PickerCell.xib; sourceTree = "<group>"; };
		840472CA1997899200E54933 /* UserInfo_EmailCell.h */ = {isa = PBXFileReference; fileEncoding = 4; lastKnownFileType = sourcecode.c.h; path = UserInfo_EmailCell.h; sourceTree = "<group>"; };
		840472CB1997899200E54933 /* UserInfo_EmailCell.m */ = {isa = PBXFileReference; fileEncoding = 4; lastKnownFileType = sourcecode.c.objc; path = UserInfo_EmailCell.m; sourceTree = "<group>"; };
		840472CC1997899200E54933 /* UserInfo_EmailCell.xib */ = {isa = PBXFileReference; fileEncoding = 4; lastKnownFileType = file.xib; path = UserInfo_EmailCell.xib; sourceTree = "<group>"; };
		840472CF19978A2500E54933 /* UserInfo_GenderCell.h */ = {isa = PBXFileReference; fileEncoding = 4; lastKnownFileType = sourcecode.c.h; path = UserInfo_GenderCell.h; sourceTree = "<group>"; };
		840472D019978A2500E54933 /* UserInfo_GenderCell.m */ = {isa = PBXFileReference; fileEncoding = 4; lastKnownFileType = sourcecode.c.objc; path = UserInfo_GenderCell.m; sourceTree = "<group>"; };
		840472D119978A2500E54933 /* UserInfo_GenderCell.xib */ = {isa = PBXFileReference; fileEncoding = 4; lastKnownFileType = file.xib; path = UserInfo_GenderCell.xib; sourceTree = "<group>"; };
		840472D41997A06600E54933 /* MyRoute.h */ = {isa = PBXFileReference; fileEncoding = 4; lastKnownFileType = sourcecode.c.h; path = MyRoute.h; sourceTree = "<group>"; };
		840472D51997A06600E54933 /* MyRoute.m */ = {isa = PBXFileReference; fileEncoding = 4; lastKnownFileType = sourcecode.c.objc; path = MyRoute.m; sourceTree = "<group>"; };
		840472D71997A06700E54933 /* MyUser.h */ = {isa = PBXFileReference; fileEncoding = 4; lastKnownFileType = sourcecode.c.h; path = MyUser.h; sourceTree = "<group>"; };
		840472D81997A06700E54933 /* MyUser.m */ = {isa = PBXFileReference; fileEncoding = 4; lastKnownFileType = sourcecode.c.objc; path = MyUser.m; sourceTree = "<group>"; };
		8407D5A2197D040400177962 /* ListUserViewController.h */ = {isa = PBXFileReference; fileEncoding = 4; lastKnownFileType = sourcecode.c.h; path = ListUserViewController.h; sourceTree = "<group>"; };
		8407D5A3197D040400177962 /* ListUserViewController.m */ = {isa = PBXFileReference; fileEncoding = 4; lastKnownFileType = sourcecode.c.objc; path = ListUserViewController.m; sourceTree = "<group>"; };
		840F345D19836F1500839995 /* MyPickerView.h */ = {isa = PBXFileReference; fileEncoding = 4; lastKnownFileType = sourcecode.c.h; path = MyPickerView.h; sourceTree = "<group>"; };
		840F345E19836F1500839995 /* MyPickerView.m */ = {isa = PBXFileReference; fileEncoding = 4; lastKnownFileType = sourcecode.c.objc; path = MyPickerView.m; sourceTree = "<group>"; };
		840F345F19836F1500839995 /* RouteDetailCell.h */ = {isa = PBXFileReference; fileEncoding = 4; lastKnownFileType = sourcecode.c.h; path = RouteDetailCell.h; sourceTree = "<group>"; };
		840F346019836F1500839995 /* RouteDetailCell.m */ = {isa = PBXFileReference; fileEncoding = 4; lastKnownFileType = sourcecode.c.objc; path = RouteDetailCell.m; sourceTree = "<group>"; };
		840F346119836F1500839995 /* RouteDetailCell.xib */ = {isa = PBXFileReference; fileEncoding = 4; lastKnownFileType = file.xib; path = RouteDetailCell.xib; sourceTree = "<group>"; };
		840F346219836F1500839995 /* RouteOverviewCell.h */ = {isa = PBXFileReference; fileEncoding = 4; lastKnownFileType = sourcecode.c.h; path = RouteOverviewCell.h; sourceTree = "<group>"; };
		840F346319836F1500839995 /* RouteOverviewCell.m */ = {isa = PBXFileReference; fileEncoding = 4; lastKnownFileType = sourcecode.c.objc; path = RouteOverviewCell.m; sourceTree = "<group>"; };
		840F346419836F1500839995 /* RouteOverviewCell.xib */ = {isa = PBXFileReference; fileEncoding = 4; lastKnownFileType = file.xib; path = RouteOverviewCell.xib; sourceTree = "<group>"; };
		840F346519836F1500839995 /* HistoryCell.h */ = {isa = PBXFileReference; fileEncoding = 4; lastKnownFileType = sourcecode.c.h; path = HistoryCell.h; sourceTree = "<group>"; };
		840F346619836F1500839995 /* HistoryCell.m */ = {isa = PBXFileReference; fileEncoding = 4; lastKnownFileType = sourcecode.c.objc; path = HistoryCell.m; sourceTree = "<group>"; };
		840F346719836F1500839995 /* HistoryCell.xib */ = {isa = PBXFileReference; fileEncoding = 4; lastKnownFileType = file.xib; path = HistoryCell.xib; sourceTree = "<group>"; };
		840F346819836F1500839995 /* ListUserCell.h */ = {isa = PBXFileReference; fileEncoding = 4; lastKnownFileType = sourcecode.c.h; path = ListUserCell.h; sourceTree = "<group>"; };
		840F346919836F1500839995 /* ListUserCell.m */ = {isa = PBXFileReference; fileEncoding = 4; lastKnownFileType = sourcecode.c.objc; path = ListUserCell.m; sourceTree = "<group>"; };
		840F346A19836F1500839995 /* ListUserCell.xib */ = {isa = PBXFileReference; fileEncoding = 4; lastKnownFileType = file.xib; path = ListUserCell.xib; sourceTree = "<group>"; };
		84132A2B197D50EF0077B926 /* CoreDataFuntions.h */ = {isa = PBXFileReference; fileEncoding = 4; lastKnownFileType = sourcecode.c.h; path = CoreDataFuntions.h; sourceTree = "<group>"; };
		84132A2C197D50EF0077B926 /* CoreDataFuntions.m */ = {isa = PBXFileReference; fileEncoding = 4; lastKnownFileType = sourcecode.c.objc; path = CoreDataFuntions.m; sourceTree = "<group>"; };
		8417C178197AA32300007269 /* iHealthKit.app */ = {isa = PBXFileReference; explicitFileType = wrapper.application; includeInIndex = 0; path = iHealthKit.app; sourceTree = BUILT_PRODUCTS_DIR; };
		8417C17B197AA32300007269 /* Foundation.framework */ = {isa = PBXFileReference; lastKnownFileType = wrapper.framework; name = Foundation.framework; path = System/Library/Frameworks/Foundation.framework; sourceTree = SDKROOT; };
		8417C17D197AA32300007269 /* CoreGraphics.framework */ = {isa = PBXFileReference; lastKnownFileType = wrapper.framework; name = CoreGraphics.framework; path = System/Library/Frameworks/CoreGraphics.framework; sourceTree = SDKROOT; };
		8417C17F197AA32300007269 /* UIKit.framework */ = {isa = PBXFileReference; lastKnownFileType = wrapper.framework; name = UIKit.framework; path = System/Library/Frameworks/UIKit.framework; sourceTree = SDKROOT; };
		8417C181197AA32300007269 /* CoreData.framework */ = {isa = PBXFileReference; lastKnownFileType = wrapper.framework; name = CoreData.framework; path = System/Library/Frameworks/CoreData.framework; sourceTree = SDKROOT; };
		8417C185197AA32300007269 /* iHealthKit-Info.plist */ = {isa = PBXFileReference; lastKnownFileType = text.plist.xml; path = "iHealthKit-Info.plist"; sourceTree = "<group>"; };
		8417C187197AA32300007269 /* en */ = {isa = PBXFileReference; lastKnownFileType = text.plist.strings; name = en; path = en.lproj/InfoPlist.strings; sourceTree = "<group>"; };
		8417C189197AA32300007269 /* main.m */ = {isa = PBXFileReference; lastKnownFileType = sourcecode.c.objc; path = main.m; sourceTree = "<group>"; };
		8417C18B197AA32300007269 /* iHealthKit-Prefix.pch */ = {isa = PBXFileReference; lastKnownFileType = sourcecode.c.h; path = "iHealthKit-Prefix.pch"; sourceTree = "<group>"; };
		8417C18C197AA32300007269 /* AppDelegate.h */ = {isa = PBXFileReference; lastKnownFileType = sourcecode.c.h; path = AppDelegate.h; sourceTree = "<group>"; };
		8417C18D197AA32300007269 /* AppDelegate.m */ = {isa = PBXFileReference; lastKnownFileType = sourcecode.c.objc; path = AppDelegate.m; sourceTree = "<group>"; };
		8417C190197AA32300007269 /* iHealthKit.xcdatamodel */ = {isa = PBXFileReference; lastKnownFileType = wrapper.xcdatamodel; path = iHealthKit.xcdatamodel; sourceTree = "<group>"; };
		8417C198197AA32300007269 /* iHealthKitTests.xctest */ = {isa = PBXFileReference; explicitFileType = wrapper.cfbundle; includeInIndex = 0; path = iHealthKitTests.xctest; sourceTree = BUILT_PRODUCTS_DIR; };
		8417C199197AA32300007269 /* XCTest.framework */ = {isa = PBXFileReference; lastKnownFileType = wrapper.framework; name = XCTest.framework; path = Library/Frameworks/XCTest.framework; sourceTree = DEVELOPER_DIR; };
		8417C1A2197AA32400007269 /* iHealthKitTests-Info.plist */ = {isa = PBXFileReference; lastKnownFileType = text.plist.xml; path = "iHealthKitTests-Info.plist"; sourceTree = "<group>"; };
		8417C1A4197AA32400007269 /* en */ = {isa = PBXFileReference; lastKnownFileType = text.plist.strings; name = en; path = en.lproj/InfoPlist.strings; sourceTree = "<group>"; };
		8417C1A6197AA32400007269 /* iHealthKitTests.m */ = {isa = PBXFileReference; lastKnownFileType = sourcecode.c.objc; path = iHealthKitTests.m; sourceTree = "<group>"; };
		8417C1C1197AA43200007269 /* MyLocationManager.h */ = {isa = PBXFileReference; fileEncoding = 4; lastKnownFileType = sourcecode.c.h; path = MyLocationManager.h; sourceTree = "<group>"; };
		8417C1C2197AA43200007269 /* MyLocationManager.m */ = {isa = PBXFileReference; fileEncoding = 4; lastKnownFileType = sourcecode.c.objc; path = MyLocationManager.m; sourceTree = "<group>"; };
		8417C1D5197AA43200007269 /* LeftMenuViewController.h */ = {isa = PBXFileReference; fileEncoding = 4; lastKnownFileType = sourcecode.c.h; path = LeftMenuViewController.h; sourceTree = "<group>"; };
		8417C1D6197AA43200007269 /* LeftMenuViewController.m */ = {isa = PBXFileReference; fileEncoding = 4; lastKnownFileType = sourcecode.c.objc; path = LeftMenuViewController.m; sourceTree = "<group>"; };
		8417C1E3197AA43200007269 /* SettingsViewController.h */ = {isa = PBXFileReference; fileEncoding = 4; lastKnownFileType = sourcecode.c.h; path = SettingsViewController.h; sourceTree = "<group>"; };
		8417C1E4197AA43200007269 /* SettingsViewController.m */ = {isa = PBXFileReference; fileEncoding = 4; lastKnownFileType = sourcecode.c.objc; path = SettingsViewController.m; sourceTree = "<group>"; };
		8417C1E6197AA43200007269 /* TrackingViewController.h */ = {isa = PBXFileReference; fileEncoding = 4; lastKnownFileType = sourcecode.c.h; path = TrackingViewController.h; sourceTree = "<group>"; };
		8417C1E7197AA43200007269 /* TrackingViewController.m */ = {isa = PBXFileReference; fileEncoding = 4; lastKnownFileType = sourcecode.c.objc; path = TrackingViewController.m; sourceTree = "<group>"; };
		8417C1E8197AA43200007269 /* TrackingViewController.xib */ = {isa = PBXFileReference; fileEncoding = 4; lastKnownFileType = file.xib; path = TrackingViewController.xib; sourceTree = "<group>"; };
		8417C1ED197AA43200007269 /* MyVisualStateManager.h */ = {isa = PBXFileReference; fileEncoding = 4; lastKnownFileType = sourcecode.c.h; path = MyVisualStateManager.h; sourceTree = "<group>"; };
		8417C1EE197AA43200007269 /* MyVisualStateManager.m */ = {isa = PBXFileReference; fileEncoding = 4; lastKnownFileType = sourcecode.c.objc; path = MyVisualStateManager.m; sourceTree = "<group>"; };
		8417C219197AACD500007269 /* RouteViewController.h */ = {isa = PBXFileReference; fileEncoding = 4; lastKnownFileType = sourcecode.c.h; path = RouteViewController.h; sourceTree = "<group>"; };
		8417C21A197AACD500007269 /* RouteViewController.m */ = {isa = PBXFileReference; fileEncoding = 4; lastKnownFileType = sourcecode.c.objc; path = RouteViewController.m; sourceTree = "<group>"; };
		8417C21B197AACD500007269 /* RouteViewController.xib */ = {isa = PBXFileReference; fileEncoding = 4; lastKnownFileType = file.xib; path = RouteViewController.xib; sourceTree = "<group>"; };
		8417C21E197AAE7F00007269 /* CoreLocation.framework */ = {isa = PBXFileReference; lastKnownFileType = wrapper.framework; name = CoreLocation.framework; path = System/Library/Frameworks/CoreLocation.framework; sourceTree = SDKROOT; };
		8417C220197AAE8800007269 /* MapKit.framework */ = {isa = PBXFileReference; lastKnownFileType = wrapper.framework; name = MapKit.framework; path = System/Library/Frameworks/MapKit.framework; sourceTree = SDKROOT; };
		8417C222197AAE8D00007269 /* QuartzCore.framework */ = {isa = PBXFileReference; lastKnownFileType = wrapper.framework; name = QuartzCore.framework; path = System/Library/Frameworks/QuartzCore.framework; sourceTree = SDKROOT; };
		8417C224197ABE1F00007269 /* CommonFunctions.h */ = {isa = PBXFileReference; fileEncoding = 4; lastKnownFileType = sourcecode.c.h; path = CommonFunctions.h; sourceTree = "<group>"; };
		8417C225197ABE1F00007269 /* CommonFunctions.m */ = {isa = PBXFileReference; fileEncoding = 4; lastKnownFileType = sourcecode.c.objc; path = CommonFunctions.m; sourceTree = "<group>"; };
		8418A0E31994BC2500742EEB /* annotation_finished.png */ = {isa = PBXFileReference; lastKnownFileType = image.png; path = annotation_finished.png; sourceTree = "<group>"; };
		8418A0E41994BC2500742EEB /* annotation_finished20.png */ = {isa = PBXFileReference; lastKnownFileType = image.png; path = annotation_finished20.png; sourceTree = "<group>"; };
		8418A0E51994BC2500742EEB /* annotation_start.png */ = {isa = PBXFileReference; lastKnownFileType = image.png; path = annotation_start.png; sourceTree = "<group>"; };
		8418A0E61994BC2500742EEB /* annotation_start20.png */ = {isa = PBXFileReference; lastKnownFileType = image.png; path = annotation_start20.png; sourceTree = "<group>"; };
		8418A0E71994BC2500742EEB /* check_icon.png */ = {isa = PBXFileReference; lastKnownFileType = image.png; path = check_icon.png; sourceTree = "<group>"; };
		8418A0E91994BC2500742EEB /* icon_Activity.png */ = {isa = PBXFileReference; lastKnownFileType = image.png; path = icon_Activity.png; sourceTree = "<group>"; };
		8418A0EA1994BC2500742EEB /* icon_Activity2.png */ = {isa = PBXFileReference; lastKnownFileType = image.png; path = icon_Activity2.png; sourceTree = "<group>"; };
		8418A0EB1994BC2500742EEB /* icon_History.png */ = {isa = PBXFileReference; lastKnownFileType = image.png; path = icon_History.png; sourceTree = "<group>"; };
		8418A0EC1994BC2500742EEB /* icon_Settings.png */ = {isa = PBXFileReference; lastKnownFileType = image.png; path = icon_Settings.png; sourceTree = "<group>"; };
		8418A0ED1994BC2500742EEB /* icon_SwitchUser.png */ = {isa = PBXFileReference; lastKnownFileType = image.png; path = icon_SwitchUser.png; sourceTree = "<group>"; };
		8418A0EE1994BC2500742EEB /* icon_UserInfo.png */ = {isa = PBXFileReference; lastKnownFileType = image.png; path = icon_UserInfo.png; sourceTree = "<group>"; };
		8418A0F01994BC2500742EEB /* icon_paceAvg.png */ = {isa = PBXFileReference; lastKnownFileType = image.png; path = icon_paceAvg.png; sourceTree = "<group>"; };
		8418A0F11994BC2500742EEB /* icon_paceMax.png */ = {isa = PBXFileReference; lastKnownFileType = image.png; path = icon_paceMax.png; sourceTree = "<group>"; };
		8418A0F21994BC2500742EEB /* icon_speedAvg.png */ = {isa = PBXFileReference; lastKnownFileType = image.png; path = icon_speedAvg.png; sourceTree = "<group>"; };
		8418A0F31994BC2500742EEB /* icon_speedMax.png */ = {isa = PBXFileReference; lastKnownFileType = image.png; path = icon_speedMax.png; sourceTree = "<group>"; };
		8418A0F41994BC2500742EEB /* icon_timeStart.png */ = {isa = PBXFileReference; lastKnownFileType = image.png; path = icon_timeStart.png; sourceTree = "<group>"; };
		8418A0F51994BC2500742EEB /* icon_timeStop.png */ = {isa = PBXFileReference; lastKnownFileType = image.png; path = icon_timeStop.png; sourceTree = "<group>"; };
		8418A0F61994BC2500742EEB /* show_location.png */ = {isa = PBXFileReference; lastKnownFileType = image.png; path = show_location.png; sourceTree = "<group>"; };
		8418A0F81994BC2500742EEB /* icon_signal_invalid.png */ = {isa = PBXFileReference; lastKnownFileType = image.png; path = icon_signal_invalid.png; sourceTree = "<group>"; };
		8418A0F91994BC2500742EEB /* icon_signal_medium.png */ = {isa = PBXFileReference; lastKnownFileType = image.png; path = icon_signal_medium.png; sourceTree = "<group>"; };
		8418A0FA1994BC2500742EEB /* icon_signal_strong.png */ = {isa = PBXFileReference; lastKnownFileType = image.png; path = icon_signal_strong.png; sourceTree = "<group>"; };
		8418A0FB1994BC2500742EEB /* icon_signal_weak.png */ = {isa = PBXFileReference; lastKnownFileType = image.png; path = icon_signal_weak.png; sourceTree = "<group>"; };
		8418A0FC1994BC2500742EEB /* TrainingType_Running.png */ = {isa = PBXFileReference; lastKnownFileType = image.png; path = TrainingType_Running.png; sourceTree = "<group>"; };
		8418A0FD1994BC2500742EEB /* uncheck_icon.png */ = {isa = PBXFileReference; lastKnownFileType = image.png; path = uncheck_icon.png; sourceTree = "<group>"; };
		8418A0FF1994BC2500742EEB /* avatar_female.jpg */ = {isa = PBXFileReference; lastKnownFileType = image.jpeg; path = avatar_female.jpg; sourceTree = "<group>"; };
		8418A1001994BC2500742EEB /* avatar_male.jpg */ = {isa = PBXFileReference; lastKnownFileType = image.jpeg; path = avatar_male.jpg; sourceTree = "<group>"; };
		8418A1011994BC2500742EEB /* icon_moon.png */ = {isa = PBXFileReference; lastKnownFileType = image.png; path = icon_moon.png; sourceTree = "<group>"; };
		8418A1021994BC2500742EEB /* icon_sun.png */ = {isa = PBXFileReference; lastKnownFileType = image.png; path = icon_sun.png; sourceTree = "<group>"; };
		8418A1041994BC2500742EEB /* Default-568h@2x.png */ = {isa = PBXFileReference; lastKnownFileType = image.png; path = "Default-568h@2x.png"; sourceTree = "<group>"; };
		8418A1051994BC2500742EEB /* Default.png */ = {isa = PBXFileReference; lastKnownFileType = image.png; path = Default.png; sourceTree = "<group>"; };
		8418A1061994BC2500742EEB /* Default@2x.png */ = {isa = PBXFileReference; lastKnownFileType = image.png; path = "Default@2x.png"; sourceTree = "<group>"; };
		841CCE3519852F0200DD6631 /* CWStatusBarNotification.h */ = {isa = PBXFileReference; fileEncoding = 4; lastKnownFileType = sourcecode.c.h; path = CWStatusBarNotification.h; sourceTree = "<group>"; };
		841CCE3619852F0200DD6631 /* CWStatusBarNotification.m */ = {isa = PBXFileReference; fileEncoding = 4; lastKnownFileType = sourcecode.c.objc; path = CWStatusBarNotification.m; sourceTree = "<group>"; };
		841CCE3819852F0200DD6631 /* MMDrawerBarButtonItem.h */ = {isa = PBXFileReference; fileEncoding = 4; lastKnownFileType = sourcecode.c.h; path = MMDrawerBarButtonItem.h; sourceTree = "<group>"; };
		841CCE3919852F0200DD6631 /* MMDrawerBarButtonItem.m */ = {isa = PBXFileReference; fileEncoding = 4; lastKnownFileType = sourcecode.c.objc; path = MMDrawerBarButtonItem.m; sourceTree = "<group>"; };
		841CCE3A19852F0200DD6631 /* MMDrawerController+Subclass.h */ = {isa = PBXFileReference; fileEncoding = 4; lastKnownFileType = sourcecode.c.h; path = "MMDrawerController+Subclass.h"; sourceTree = "<group>"; };
		841CCE3B19852F0200DD6631 /* MMDrawerController.h */ = {isa = PBXFileReference; fileEncoding = 4; lastKnownFileType = sourcecode.c.h; path = MMDrawerController.h; sourceTree = "<group>"; };
		841CCE3C19852F0200DD6631 /* MMDrawerController.m */ = {isa = PBXFileReference; fileEncoding = 4; lastKnownFileType = sourcecode.c.objc; path = MMDrawerController.m; sourceTree = "<group>"; };
		841CCE3D19852F0200DD6631 /* MMDrawerVisualState.h */ = {isa = PBXFileReference; fileEncoding = 4; lastKnownFileType = sourcecode.c.h; path = MMDrawerVisualState.h; sourceTree = "<group>"; };
		841CCE3E19852F0200DD6631 /* MMDrawerVisualState.m */ = {isa = PBXFileReference; fileEncoding = 4; lastKnownFileType = sourcecode.c.objc; path = MMDrawerVisualState.m; sourceTree = "<group>"; };
		841CCE3F19852F0200DD6631 /* UIViewController+MMDrawerController.h */ = {isa = PBXFileReference; fileEncoding = 4; lastKnownFileType = sourcecode.c.h; path = "UIViewController+MMDrawerController.h"; sourceTree = "<group>"; };
		841CCE4019852F0200DD6631 /* UIViewController+MMDrawerController.m */ = {isa = PBXFileReference; fileEncoding = 4; lastKnownFileType = sourcecode.c.objc; path = "UIViewController+MMDrawerController.m"; sourceTree = "<group>"; };
		84215AF71984C13D0016EF80 /* DistanceTypeChooserViewController.h */ = {isa = PBXFileReference; fileEncoding = 4; lastKnownFileType = sourcecode.c.h; path = DistanceTypeChooserViewController.h; sourceTree = "<group>"; };
		84215AF81984C13D0016EF80 /* DistanceTypeChooserViewController.m */ = {isa = PBXFileReference; fileEncoding = 4; lastKnownFileType = sourcecode.c.objc; path = DistanceTypeChooserViewController.m; sourceTree = "<group>"; };
		8421E5D3199682AA00EC18E8 /* icon-120.png */ = {isa = PBXFileReference; lastKnownFileType = image.png; path = "icon-120.png"; sourceTree = "<group>"; };
		8421E5D4199682AA00EC18E8 /* icon-58.png */ = {isa = PBXFileReference; lastKnownFileType = image.png; path = "icon-58.png"; sourceTree = "<group>"; };
		8421E5D5199682AA00EC18E8 /* icon-72.png */ = {isa = PBXFileReference; lastKnownFileType = image.png; path = "icon-72.png"; sourceTree = "<group>"; };
		8421E5D6199682AA00EC18E8 /* icon-72@2x.png */ = {isa = PBXFileReference; lastKnownFileType = image.png; path = "icon-72@2x.png"; sourceTree = "<group>"; };
		8421E5D7199682AA00EC18E8 /* icon-80.png */ = {isa = PBXFileReference; lastKnownFileType = image.png; path = "icon-80.png"; sourceTree = "<group>"; };
		8421E5D8199682AA00EC18E8 /* icon.png */ = {isa = PBXFileReference; lastKnownFileType = image.png; path = icon.png; sourceTree = "<group>"; };
		8421E5D9199682AA00EC18E8 /* icon@2x.png */ = {isa = PBXFileReference; lastKnownFileType = image.png; path = "icon@2x.png"; sourceTree = "<group>"; };
		842BC1BA199625BB00B235F1 /* LeftMenuHeaderCell.h */ = {isa = PBXFileReference; fileEncoding = 4; lastKnownFileType = sourcecode.c.h; path = LeftMenuHeaderCell.h; sourceTree = "<group>"; };
		842BC1BB199625BB00B235F1 /* LeftMenuHeaderCell.m */ = {isa = PBXFileReference; fileEncoding = 4; lastKnownFileType = sourcecode.c.objc; path = LeftMenuHeaderCell.m; sourceTree = "<group>"; };
		842BC1BC199625BB00B235F1 /* LeftMenuHeaderCell.xib */ = {isa = PBXFileReference; fileEncoding = 4; lastKnownFileType = file.xib; path = LeftMenuHeaderCell.xib; sourceTree = "<group>"; };
		842BC1BF199635A500B235F1 /* AVFoundation.framework */ = {isa = PBXFileReference; lastKnownFileType = wrapper.framework; name = AVFoundation.framework; path = System/Library/Frameworks/AVFoundation.framework; sourceTree = SDKROOT; };
		843C22E51984018300197D31 /* LeftMenuCell.h */ = {isa = PBXFileReference; fileEncoding = 4; lastKnownFileType = sourcecode.c.h; path = LeftMenuCell.h; sourceTree = "<group>"; };
		843C22E61984018300197D31 /* LeftMenuCell.m */ = {isa = PBXFileReference; fileEncoding = 4; lastKnownFileType = sourcecode.c.objc; path = LeftMenuCell.m; sourceTree = "<group>"; };
		843C22E71984018300197D31 /* LeftMenuCell.xib */ = {isa = PBXFileReference; fileEncoding = 4; lastKnownFileType = file.xib; path = LeftMenuCell.xib; sourceTree = "<group>"; };
		8457FCCF19824437005EC2C7 /* MyNavigationViewController.h */ = {isa = PBXFileReference; fileEncoding = 4; lastKnownFileType = sourcecode.c.h; path = MyNavigationViewController.h; sourceTree = "<group>"; };
		8457FCD019824437005EC2C7 /* MyNavigationViewController.m */ = {isa = PBXFileReference; fileEncoding = 4; lastKnownFileType = sourcecode.c.objc; path = MyNavigationViewController.m; sourceTree = "<group>"; };
		84DC67B21998F38100E6EB3D /* MetValue.plist */ = {isa = PBXFileReference; fileEncoding = 4; lastKnownFileType = text.plist.xml; path = MetValue.plist; sourceTree = "<group>"; };
		84E6A8E1199252CF001A982D /* HistoryViewController.h */ = {isa = PBXFileReference; fileEncoding = 4; lastKnownFileType = sourcecode.c.h; path = HistoryViewController.h; sourceTree = "<group>"; };
		84E6A8E2199252CF001A982D /* HistoryViewController.m */ = {isa = PBXFileReference; fileEncoding = 4; lastKnownFileType = sourcecode.c.objc; path = HistoryViewController.m; sourceTree = "<group>"; };
		84E6A8E3199252CF001A982D /* HistoryViewController.xib */ = {isa = PBXFileReference; fileEncoding = 4; lastKnownFileType = file.xib; path = HistoryViewController.xib; sourceTree = "<group>"; };
		84ED9EDC19932C72007D5E13 /* RouteAnnotationView.h */ = {isa = PBXFileReference; fileEncoding = 4; lastKnownFileType = sourcecode.c.h; path = RouteAnnotationView.h; sourceTree = "<group>"; };
		84ED9EDD19932C72007D5E13 /* RouteAnnotationView.m */ = {isa = PBXFileReference; fileEncoding = 4; lastKnownFileType = sourcecode.c.objc; path = RouteAnnotationView.m; sourceTree = "<group>"; };
		84F1CC5B19811B0100F257A9 /* UserViewController.h */ = {isa = PBXFileReference; fileEncoding = 4; lastKnownFileType = sourcecode.c.h; path = UserViewController.h; sourceTree = "<group>"; };
		84F1CC5C19811B0100F257A9 /* UserViewController.m */ = {isa = PBXFileReference; fileEncoding = 4; lastKnownFileType = sourcecode.c.objc; path = UserViewController.m; sourceTree = "<group>"; };
		84F9B2C0199718CC00E71140 /* UserInfo_NameCell.h */ = {isa = PBXFileReference; fileEncoding = 4; lastKnownFileType = sourcecode.c.h; path = UserInfo_NameCell.h; sourceTree = "<group>"; };
		84F9B2C1199718CC00E71140 /* UserInfo_NameCell.m */ = {isa = PBXFileReference; fileEncoding = 4; lastKnownFileType = sourcecode.c.objc; path = UserInfo_NameCell.m; sourceTree = "<group>"; };
		84F9B2C2199718CC00E71140 /* UserInfo_NameCell.xib */ = {isa = PBXFileReference; fileEncoding = 4; lastKnownFileType = file.xib; path = UserInfo_NameCell.xib; sourceTree = "<group>"; };
/* End PBXFileReference section */

/* Begin PBXFrameworksBuildPhase section */
		8417C175197AA32300007269 /* Frameworks */ = {
			isa = PBXFrameworksBuildPhase;
			buildActionMask = 2147483647;
			files = (
				842BC1C0199635A500B235F1 /* AVFoundation.framework in Frameworks */,
				8417C223197AAE8D00007269 /* QuartzCore.framework in Frameworks */,
				8417C221197AAE8800007269 /* MapKit.framework in Frameworks */,
				8417C21F197AAE7F00007269 /* CoreLocation.framework in Frameworks */,
				8417C17E197AA32300007269 /* CoreGraphics.framework in Frameworks */,
				8417C182197AA32300007269 /* CoreData.framework in Frameworks */,
				8417C180197AA32300007269 /* UIKit.framework in Frameworks */,
				8417C17C197AA32300007269 /* Foundation.framework in Frameworks */,
			);
			runOnlyForDeploymentPostprocessing = 0;
		};
		8417C195197AA32300007269 /* Frameworks */ = {
			isa = PBXFrameworksBuildPhase;
			buildActionMask = 2147483647;
			files = (
				8417C19A197AA32300007269 /* XCTest.framework in Frameworks */,
				8417C19D197AA32400007269 /* CoreData.framework in Frameworks */,
				8417C19C197AA32400007269 /* UIKit.framework in Frameworks */,
				8417C19B197AA32300007269 /* Foundation.framework in Frameworks */,
			);
			runOnlyForDeploymentPostprocessing = 0;
		};
/* End PBXFrameworksBuildPhase section */

/* Begin PBXGroup section */
		840F345119836F1500839995 /* View */ = {
			isa = PBXGroup;
			children = (
				840F345D19836F1500839995 /* MyPickerView.h */,
				840F345E19836F1500839995 /* MyPickerView.m */,
				840F345F19836F1500839995 /* RouteDetailCell.h */,
				840F346019836F1500839995 /* RouteDetailCell.m */,
				840F346119836F1500839995 /* RouteDetailCell.xib */,
				840F346219836F1500839995 /* RouteOverviewCell.h */,
				840F346319836F1500839995 /* RouteOverviewCell.m */,
				840F346419836F1500839995 /* RouteOverviewCell.xib */,
				840F346519836F1500839995 /* HistoryCell.h */,
				840F346619836F1500839995 /* HistoryCell.m */,
				840F346719836F1500839995 /* HistoryCell.xib */,
				840F346819836F1500839995 /* ListUserCell.h */,
				840F346919836F1500839995 /* ListUserCell.m */,
				840F346A19836F1500839995 /* ListUserCell.xib */,
				843C22E51984018300197D31 /* LeftMenuCell.h */,
				843C22E61984018300197D31 /* LeftMenuCell.m */,
				843C22E71984018300197D31 /* LeftMenuCell.xib */,
				842BC1BA199625BB00B235F1 /* LeftMenuHeaderCell.h */,
				842BC1BB199625BB00B235F1 /* LeftMenuHeaderCell.m */,
				842BC1BC199625BB00B235F1 /* LeftMenuHeaderCell.xib */,
				84ED9EDC19932C72007D5E13 /* RouteAnnotationView.h */,
				84ED9EDD19932C72007D5E13 /* RouteAnnotationView.m */,
				840472AC1997730700E54933 /* Settings_SegmentCell.h */,
				840472AD1997730700E54933 /* Settings_SegmentCell.m */,
				840472AE1997730700E54933 /* Settings_SegmentCell.xib */,
				840472B6199777A500E54933 /* Settings_DistanceTypeCell.h */,
				840472B7199777A500E54933 /* Settings_DistanceTypeCell.m */,
				840472B8199777A500E54933 /* Settings_DistanceTypeCell.xib */,
				840472BB1997790800E54933 /* RightImageCell.h */,
				840472BC1997790800E54933 /* RightImageCell.m */,
				840472BD1997790800E54933 /* RightImageCell.xib */,
				84F9B2C0199718CC00E71140 /* UserInfo_NameCell.h */,
				84F9B2C1199718CC00E71140 /* UserInfo_NameCell.m */,
				84F9B2C2199718CC00E71140 /* UserInfo_NameCell.xib */,
				840472C51997881400E54933 /* UserInfo_PickerCell.h */,
				840472C61997881400E54933 /* UserInfo_PickerCell.m */,
				840472C71997881400E54933 /* UserInfo_PickerCell.xib */,
				840472CA1997899200E54933 /* UserInfo_EmailCell.h */,
				840472CB1997899200E54933 /* UserInfo_EmailCell.m */,
				840472CC1997899200E54933 /* UserInfo_EmailCell.xib */,
				840472CF19978A2500E54933 /* UserInfo_GenderCell.h */,
				840472D019978A2500E54933 /* UserInfo_GenderCell.m */,
				840472D119978A2500E54933 /* UserInfo_GenderCell.xib */,
			);
			name = View;
			path = ViewController/View;
			sourceTree = "<group>";
		};
		8417C16F197AA32300007269 = {
			isa = PBXGroup;
			children = (
				841CCE3319852F0200DD6631 /* Library */,
				8417C183197AA32300007269 /* iHealthKit */,
				8417C1A0197AA32400007269 /* iHealthKitTests */,
				8417C17A197AA32300007269 /* Frameworks */,
				8417C179197AA32300007269 /* Products */,
			);
			sourceTree = "<group>";
		};
		8417C179197AA32300007269 /* Products */ = {
			isa = PBXGroup;
			children = (
				8417C178197AA32300007269 /* iHealthKit.app */,
				8417C198197AA32300007269 /* iHealthKitTests.xctest */,
			);
			name = Products;
			sourceTree = "<group>";
		};
		8417C17A197AA32300007269 /* Frameworks */ = {
			isa = PBXGroup;
			children = (
				842BC1BF199635A500B235F1 /* AVFoundation.framework */,
				8417C222197AAE8D00007269 /* QuartzCore.framework */,
				8417C220197AAE8800007269 /* MapKit.framework */,
				8417C21E197AAE7F00007269 /* CoreLocation.framework */,
				8417C17B197AA32300007269 /* Foundation.framework */,
				8417C17D197AA32300007269 /* CoreGraphics.framework */,
				8417C17F197AA32300007269 /* UIKit.framework */,
				8417C181197AA32300007269 /* CoreData.framework */,
				8417C199197AA32300007269 /* XCTest.framework */,
			);
			name = Frameworks;
			sourceTree = "<group>";
		};
		8417C183197AA32300007269 /* iHealthKit */ = {
			isa = PBXGroup;
			children = (
				8418A0E01994BC2500742EEB /* Images */,
				8417C1B0197AA43200007269 /* Core Data */,
				8417C1C0197AA43200007269 /* MyLocationManager */,
				8417C1B5197AA43200007269 /* Helper */,
				840F345119836F1500839995 /* View */,
				8417C1CF197AA43200007269 /* ViewController */,
				8417C1EC197AA43200007269 /* VisuaStateManager */,
				8417C18C197AA32300007269 /* AppDelegate.h */,
				8417C18D197AA32300007269 /* AppDelegate.m */,
				8417C18F197AA32300007269 /* iHealthKit.xcdatamodeld */,
				840472AA19976FC200E54933 /* Images.xcassets */,
				8417C184197AA32300007269 /* Supporting Files */,
			);
			path = iHealthKit;
			sourceTree = "<group>";
		};
		8417C184197AA32300007269 /* Supporting Files */ = {
			isa = PBXGroup;
			children = (
				84DC67B21998F38100E6EB3D /* MetValue.plist */,
				8417C185197AA32300007269 /* iHealthKit-Info.plist */,
				8417C186197AA32300007269 /* InfoPlist.strings */,
				8417C189197AA32300007269 /* main.m */,
				8417C18B197AA32300007269 /* iHealthKit-Prefix.pch */,
			);
			name = "Supporting Files";
			sourceTree = "<group>";
		};
		8417C1A0197AA32400007269 /* iHealthKitTests */ = {
			isa = PBXGroup;
			children = (
				8417C1A6197AA32400007269 /* iHealthKitTests.m */,
				8417C1A1197AA32400007269 /* Supporting Files */,
			);
			path = iHealthKitTests;
			sourceTree = "<group>";
		};
		8417C1A1197AA32400007269 /* Supporting Files */ = {
			isa = PBXGroup;
			children = (
				8417C1A2197AA32400007269 /* iHealthKitTests-Info.plist */,
				8417C1A3197AA32400007269 /* InfoPlist.strings */,
			);
			name = "Supporting Files";
			sourceTree = "<group>";
		};
		8417C1B0197AA43200007269 /* Core Data */ = {
			isa = PBXGroup;
			children = (
				840472D41997A06600E54933 /* MyRoute.h */,
				840472D51997A06600E54933 /* MyRoute.m */,
				840472D71997A06700E54933 /* MyUser.h */,
				840472D81997A06700E54933 /* MyUser.m */,
			);
			path = "Core Data";
			sourceTree = "<group>";
		};
		8417C1B5197AA43200007269 /* Helper */ = {
			isa = PBXGroup;
			children = (
				8417C224197ABE1F00007269 /* CommonFunctions.h */,
				8417C225197ABE1F00007269 /* CommonFunctions.m */,
				84132A2B197D50EF0077B926 /* CoreDataFuntions.h */,
				84132A2C197D50EF0077B926 /* CoreDataFuntions.m */,
			);
			path = Helper;
			sourceTree = "<group>";
		};
		8417C1C0197AA43200007269 /* MyLocationManager */ = {
			isa = PBXGroup;
			children = (
				8417C1C1197AA43200007269 /* MyLocationManager.h */,
				8417C1C2197AA43200007269 /* MyLocationManager.m */,
			);
			path = MyLocationManager;
			sourceTree = "<group>";
		};
		8417C1CF197AA43200007269 /* ViewController */ = {
			isa = PBXGroup;
			children = (
				84E6A8E1199252CF001A982D /* HistoryViewController.h */,
				84E6A8E2199252CF001A982D /* HistoryViewController.m */,
				84E6A8E3199252CF001A982D /* HistoryViewController.xib */,
				8417C1D5197AA43200007269 /* LeftMenuViewController.h */,
				8417C1D6197AA43200007269 /* LeftMenuViewController.m */,
				8407D5A2197D040400177962 /* ListUserViewController.h */,
				8407D5A3197D040400177962 /* ListUserViewController.m */,
				8457FCCF19824437005EC2C7 /* MyNavigationViewController.h */,
				8457FCD019824437005EC2C7 /* MyNavigationViewController.m */,
				8417C219197AACD500007269 /* RouteViewController.h */,
				8417C21A197AACD500007269 /* RouteViewController.m */,
				8417C21B197AACD500007269 /* RouteViewController.xib */,
				8417C1E3197AA43200007269 /* SettingsViewController.h */,
				8417C1E4197AA43200007269 /* SettingsViewController.m */,
				8417C1E6197AA43200007269 /* TrackingViewController.h */,
				8417C1E7197AA43200007269 /* TrackingViewController.m */,
				8417C1E8197AA43200007269 /* TrackingViewController.xib */,
				84F1CC5B19811B0100F257A9 /* UserViewController.h */,
				84F1CC5C19811B0100F257A9 /* UserViewController.m */,
				84215AF71984C13D0016EF80 /* DistanceTypeChooserViewController.h */,
				84215AF81984C13D0016EF80 /* DistanceTypeChooserViewController.m */,
			);
			path = ViewController;
			sourceTree = "<group>";
		};
		8417C1EC197AA43200007269 /* VisuaStateManager */ = {
			isa = PBXGroup;
			children = (
				8417C1ED197AA43200007269 /* MyVisualStateManager.h */,
				8417C1EE197AA43200007269 /* MyVisualStateManager.m */,
			);
			path = VisuaStateManager;
			sourceTree = "<group>";
		};
		8418A0E01994BC2500742EEB /* Images */ = {
			isa = PBXGroup;
			children = (
				8421E5D2199682AA00EC18E8 /* icon */,
				8418A0E11994BC2500742EEB /* App Icon */,
				8418A0FE1994BC2500742EEB /* Default Avatar */,
				8418A1011994BC2500742EEB /* icon_moon.png */,
				8418A1021994BC2500742EEB /* icon_sun.png */,
				8418A1031994BC2500742EEB /* Launch Image */,
			);
			path = Images;
			sourceTree = "<group>";
		};
		8418A0E11994BC2500742EEB /* App Icon */ = {
			isa = PBXGroup;
			children = (
				8418A0E21994BC2500742EEB /* Annotation */,
				8418A0E71994BC2500742EEB /* check_icon.png */,
				8418A0E81994BC2500742EEB /* Left Menu Icon */,
				8418A0EF1994BC2500742EEB /* RouteView */,
				8418A0F61994BC2500742EEB /* show_location.png */,
				8418A0F71994BC2500742EEB /* Signal Icon */,
				8418A0FC1994BC2500742EEB /* TrainingType_Running.png */,
				8418A0FD1994BC2500742EEB /* uncheck_icon.png */,
			);
			path = "App Icon";
			sourceTree = "<group>";
		};
		8418A0E21994BC2500742EEB /* Annotation */ = {
			isa = PBXGroup;
			children = (
				8418A0E31994BC2500742EEB /* annotation_finished.png */,
				8418A0E41994BC2500742EEB /* annotation_finished20.png */,
				8418A0E51994BC2500742EEB /* annotation_start.png */,
				8418A0E61994BC2500742EEB /* annotation_start20.png */,
			);
			path = Annotation;
			sourceTree = "<group>";
		};
		8418A0E81994BC2500742EEB /* Left Menu Icon */ = {
			isa = PBXGroup;
			children = (
				8418A0E91994BC2500742EEB /* icon_Activity.png */,
				8418A0EA1994BC2500742EEB /* icon_Activity2.png */,
				8418A0EB1994BC2500742EEB /* icon_History.png */,
				8418A0EC1994BC2500742EEB /* icon_Settings.png */,
				8418A0ED1994BC2500742EEB /* icon_SwitchUser.png */,
				8418A0EE1994BC2500742EEB /* icon_UserInfo.png */,
			);
			path = "Left Menu Icon";
			sourceTree = "<group>";
		};
		8418A0EF1994BC2500742EEB /* RouteView */ = {
			isa = PBXGroup;
			children = (
				8418A0F01994BC2500742EEB /* icon_paceAvg.png */,
				8418A0F11994BC2500742EEB /* icon_paceMax.png */,
				8418A0F21994BC2500742EEB /* icon_speedAvg.png */,
				8418A0F31994BC2500742EEB /* icon_speedMax.png */,
				8418A0F41994BC2500742EEB /* icon_timeStart.png */,
				8418A0F51994BC2500742EEB /* icon_timeStop.png */,
			);
			path = RouteView;
			sourceTree = "<group>";
		};
		8418A0F71994BC2500742EEB /* Signal Icon */ = {
			isa = PBXGroup;
			children = (
				8418A0F81994BC2500742EEB /* icon_signal_invalid.png */,
				8418A0F91994BC2500742EEB /* icon_signal_medium.png */,
				8418A0FA1994BC2500742EEB /* icon_signal_strong.png */,
				8418A0FB1994BC2500742EEB /* icon_signal_weak.png */,
			);
			path = "Signal Icon";
			sourceTree = "<group>";
		};
		8418A0FE1994BC2500742EEB /* Default Avatar */ = {
			isa = PBXGroup;
			children = (
				8418A0FF1994BC2500742EEB /* avatar_female.jpg */,
				8418A1001994BC2500742EEB /* avatar_male.jpg */,
			);
			path = "Default Avatar";
			sourceTree = "<group>";
		};
		8418A1031994BC2500742EEB /* Launch Image */ = {
			isa = PBXGroup;
			children = (
				8418A1041994BC2500742EEB /* Default-568h@2x.png */,
				8418A1051994BC2500742EEB /* Default.png */,
				8418A1061994BC2500742EEB /* Default@2x.png */,
			);
			path = "Launch Image";
			sourceTree = "<group>";
		};
		841CCE3319852F0200DD6631 /* Library */ = {
			isa = PBXGroup;
			children = (
				841CCE3419852F0200DD6631 /* CWStatusBarNotification */,
				841CCE3719852F0200DD6631 /* MMDrawerController */,
			);
			path = Library;
			sourceTree = "<group>";
		};
		841CCE3419852F0200DD6631 /* CWStatusBarNotification */ = {
			isa = PBXGroup;
			children = (
				841CCE3519852F0200DD6631 /* CWStatusBarNotification.h */,
				841CCE3619852F0200DD6631 /* CWStatusBarNotification.m */,
			);
			path = CWStatusBarNotification;
			sourceTree = "<group>";
		};
		841CCE3719852F0200DD6631 /* MMDrawerController */ = {
			isa = PBXGroup;
			children = (
				841CCE3819852F0200DD6631 /* MMDrawerBarButtonItem.h */,
				841CCE3919852F0200DD6631 /* MMDrawerBarButtonItem.m */,
				841CCE3A19852F0200DD6631 /* MMDrawerController+Subclass.h */,
				841CCE3B19852F0200DD6631 /* MMDrawerController.h */,
				841CCE3C19852F0200DD6631 /* MMDrawerController.m */,
				841CCE3D19852F0200DD6631 /* MMDrawerVisualState.h */,
				841CCE3E19852F0200DD6631 /* MMDrawerVisualState.m */,
				841CCE3F19852F0200DD6631 /* UIViewController+MMDrawerController.h */,
				841CCE4019852F0200DD6631 /* UIViewController+MMDrawerController.m */,
			);
			path = MMDrawerController;
			sourceTree = "<group>";
		};
		8421E5D2199682AA00EC18E8 /* icon */ = {
			isa = PBXGroup;
			children = (
				8421E5D3199682AA00EC18E8 /* icon-120.png */,
				8421E5D4199682AA00EC18E8 /* icon-58.png */,
				8421E5D5199682AA00EC18E8 /* icon-72.png */,
				8421E5D6199682AA00EC18E8 /* icon-72@2x.png */,
				8421E5D7199682AA00EC18E8 /* icon-80.png */,
				8421E5D8199682AA00EC18E8 /* icon.png */,
				8421E5D9199682AA00EC18E8 /* icon@2x.png */,
			);
			path = icon;
			sourceTree = "<group>";
		};
/* End PBXGroup section */

/* Begin PBXNativeTarget section */
		8417C177197AA32300007269 /* iHealthKit */ = {
			isa = PBXNativeTarget;
			buildConfigurationList = 8417C1AA197AA32400007269 /* Build configuration list for PBXNativeTarget "iHealthKit" */;
			buildPhases = (
				8417C174197AA32300007269 /* Sources */,
				8417C176197AA32300007269 /* Resources */,
				8417C175197AA32300007269 /* Frameworks */,
			);
			buildRules = (
			);
			dependencies = (
			);
			name = iHealthKit;
			productName = iHealthKit;
			productReference = 8417C178197AA32300007269 /* iHealthKit.app */;
			productType = "com.apple.product-type.application";
		};
		8417C197197AA32300007269 /* iHealthKitTests */ = {
			isa = PBXNativeTarget;
			buildConfigurationList = 8417C1AD197AA32400007269 /* Build configuration list for PBXNativeTarget "iHealthKitTests" */;
			buildPhases = (
				8417C194197AA32300007269 /* Sources */,
				8417C195197AA32300007269 /* Frameworks */,
				8417C196197AA32300007269 /* Resources */,
			);
			buildRules = (
			);
			dependencies = (
				8417C19F197AA32400007269 /* PBXTargetDependency */,
			);
			name = iHealthKitTests;
			productName = iHealthKitTests;
			productReference = 8417C198197AA32300007269 /* iHealthKitTests.xctest */;
			productType = "com.apple.product-type.bundle.unit-test";
		};
/* End PBXNativeTarget section */

/* Begin PBXProject section */
		8417C170197AA32300007269 /* Project object */ = {
			isa = PBXProject;
			attributes = {
				LastUpgradeCheck = 0510;
				ORGANIZATIONNAME = "Duc Pham";
				TargetAttributes = {
					8417C177197AA32300007269 = {
						DevelopmentTeam = ST4BY352FH;
					};
					8417C197197AA32300007269 = {
						TestTargetID = 8417C177197AA32300007269;
					};
				};
			};
			buildConfigurationList = 8417C173197AA32300007269 /* Build configuration list for PBXProject "iHealthKit" */;
			compatibilityVersion = "Xcode 3.2";
			developmentRegion = English;
			hasScannedForEncodings = 0;
			knownRegions = (
				en,
			);
			mainGroup = 8417C16F197AA32300007269;
			productRefGroup = 8417C179197AA32300007269 /* Products */;
			projectDirPath = "";
			projectRoot = "";
			targets = (
				8417C177197AA32300007269 /* iHealthKit */,
				8417C197197AA32300007269 /* iHealthKitTests */,
			);
		};
/* End PBXProject section */

/* Begin PBXResourcesBuildPhase section */
		8417C176197AA32300007269 /* Resources */ = {
			isa = PBXResourcesBuildPhase;
			buildActionMask = 2147483647;
			files = (
				8421E5DA199682AA00EC18E8 /* icon-120.png in Resources */,
				8421E5DF199682AA00EC18E8 /* icon.png in Resources */,
				8421E5DC199682AA00EC18E8 /* icon-72.png in Resources */,
				84DC67B31998F38200E6EB3D /* MetValue.plist in Resources */,
				8418A1121994BC2500742EEB /* icon_paceAvg.png in Resources */,
				8418A10D1994BC2500742EEB /* icon_Activity2.png in Resources */,
				8418A1161994BC2500742EEB /* icon_timeStart.png in Resources */,
				8418A1211994BC2500742EEB /* icon_moon.png in Resources */,
				840472BF1997790800E54933 /* RightImageCell.xib in Resources */,
				840F347519836F1500839995 /* RouteOverviewCell.xib in Resources */,
				843C22E91984018300197D31 /* LeftMenuCell.xib in Resources */,
				8418A1171994BC2500742EEB /* icon_timeStop.png in Resources */,
				8418A1191994BC2500742EEB /* icon_signal_invalid.png in Resources */,
				8417C188197AA32300007269 /* InfoPlist.strings in Resources */,
				8418A11F1994BC2500742EEB /* avatar_female.jpg in Resources */,
				8418A1221994BC2500742EEB /* icon_sun.png in Resources */,
				84E6A8E5199252CF001A982D /* HistoryViewController.xib in Resources */,
				8418A1251994BC2500742EEB /* Default@2x.png in Resources */,
				8418A1241994BC2500742EEB /* Default.png in Resources */,
				8418A1111994BC2500742EEB /* icon_UserInfo.png in Resources */,
				8418A1231994BC2500742EEB /* Default-568h@2x.png in Resources */,
				8418A1101994BC2500742EEB /* icon_SwitchUser.png in Resources */,
				840472B01997730700E54933 /* Settings_SegmentCell.xib in Resources */,
				840472C91997881400E54933 /* UserInfo_PickerCell.xib in Resources */,
				8418A11B1994BC2500742EEB /* icon_signal_strong.png in Resources */,
				8418A11A1994BC2500742EEB /* icon_signal_medium.png in Resources */,
				840472CE1997899200E54933 /* UserInfo_EmailCell.xib in Resources */,
				8417C209197AA43200007269 /* TrackingViewController.xib in Resources */,
				8418A1181994BC2500742EEB /* show_location.png in Resources */,
				8418A1201994BC2500742EEB /* avatar_male.jpg in Resources */,
				8421E5DB199682AA00EC18E8 /* icon-58.png in Resources */,
				8421E5DD199682AA00EC18E8 /* icon-72@2x.png in Resources */,
				840F347319836F1500839995 /* RouteDetailCell.xib in Resources */,
				8418A1141994BC2500742EEB /* icon_speedAvg.png in Resources */,
				840472BA199777A500E54933 /* Settings_DistanceTypeCell.xib in Resources */,
				8418A1131994BC2500742EEB /* icon_paceMax.png in Resources */,
				8418A10E1994BC2500742EEB /* icon_History.png in Resources */,
				8418A1151994BC2500742EEB /* icon_speedMax.png in Resources */,
				8418A1081994BC2500742EEB /* annotation_finished20.png in Resources */,
				8418A10B1994BC2500742EEB /* check_icon.png in Resources */,
				840472D319978A2500E54933 /* UserInfo_GenderCell.xib in Resources */,
				8418A11E1994BC2500742EEB /* uncheck_icon.png in Resources */,
				842BC1BE199625BB00B235F1 /* LeftMenuHeaderCell.xib in Resources */,
				8417C21D197AACD500007269 /* RouteViewController.xib in Resources */,
				8418A11C1994BC2500742EEB /* icon_signal_weak.png in Resources */,
				8418A11D1994BC2500742EEB /* TrainingType_Running.png in Resources */,
				8418A10C1994BC2500742EEB /* icon_Activity.png in Resources */,
				840F347719836F1500839995 /* HistoryCell.xib in Resources */,
				840F347919836F1500839995 /* ListUserCell.xib in Resources */,
				8418A1091994BC2500742EEB /* annotation_start.png in Resources */,
				8418A10A1994BC2500742EEB /* annotation_start20.png in Resources */,
				8421E5DE199682AA00EC18E8 /* icon-80.png in Resources */,
				840472AB19976FC200E54933 /* Images.xcassets in Resources */,
				84F9B2C4199718CC00E71140 /* UserInfo_NameCell.xib in Resources */,
				8418A10F1994BC2500742EEB /* icon_Settings.png in Resources */,
				8418A1071994BC2500742EEB /* annotation_finished.png in Resources */,
				8421E5E0199682AA00EC18E8 /* icon@2x.png in Resources */,
			);
			runOnlyForDeploymentPostprocessing = 0;
		};
		8417C196197AA32300007269 /* Resources */ = {
			isa = PBXResourcesBuildPhase;
			buildActionMask = 2147483647;
			files = (
				8417C1A5197AA32400007269 /* InfoPlist.strings in Resources */,
			);
			runOnlyForDeploymentPostprocessing = 0;
		};
/* End PBXResourcesBuildPhase section */

/* Begin PBXSourcesBuildPhase section */
		8417C174197AA32300007269 /* Sources */ = {
			isa = PBXSourcesBuildPhase;
			buildActionMask = 2147483647;
			files = (
				840472D91997A06700E54933 /* MyUser.m in Sources */,
				8417C18E197AA32300007269 /* AppDelegate.m in Sources */,
				8417C208197AA43200007269 /* TrackingViewController.m in Sources */,
				84F1CC5D19811B0100F257A9 /* UserViewController.m in Sources */,
				843C22E81984018300197D31 /* LeftMenuCell.m in Sources */,
				840472D61997A06600E54933 /* MyRoute.m in Sources */,
				840472BE1997790800E54933 /* RightImageCell.m in Sources */,
				840472C81997881400E54933 /* UserInfo_PickerCell.m in Sources */,
				840472D219978A2500E54933 /* UserInfo_GenderCell.m in Sources */,
				840F347119836F1500839995 /* MyPickerView.m in Sources */,
				840F347819836F1500839995 /* ListUserCell.m in Sources */,
				841CCE4519852F0200DD6631 /* UIViewController+MMDrawerController.m in Sources */,
				84215AF91984C13D0016EF80 /* DistanceTypeChooserViewController.m in Sources */,
				840472CD1997899200E54933 /* UserInfo_EmailCell.m in Sources */,
				841CCE4219852F0200DD6631 /* MMDrawerBarButtonItem.m in Sources */,
				840472AF1997730700E54933 /* Settings_SegmentCell.m in Sources */,
				841CCE4419852F0200DD6631 /* MMDrawerVisualState.m in Sources */,
				840F347419836F1500839995 /* RouteOverviewCell.m in Sources */,
				840F347619836F1500839995 /* HistoryCell.m in Sources */,
				8417C226197ABE1F00007269 /* CommonFunctions.m in Sources */,
				84132A2D197D50EF0077B926 /* CoreDataFuntions.m in Sources */,
				841CCE4119852F0200DD6631 /* CWStatusBarNotification.m in Sources */,
				84F9B2C3199718CC00E71140 /* UserInfo_NameCell.m in Sources */,
				840472B9199777A500E54933 /* Settings_DistanceTypeCell.m in Sources */,
				8407D5A4197D040400177962 /* ListUserViewController.m in Sources */,
				84ED9EDE19932C72007D5E13 /* RouteAnnotationView.m in Sources */,
				84E6A8E4199252CF001A982D /* HistoryViewController.m in Sources */,
				8417C1FF197AA43200007269 /* LeftMenuViewController.m in Sources */,
				841CCE4319852F0200DD6631 /* MMDrawerController.m in Sources */,
				840F347219836F1500839995 /* RouteDetailCell.m in Sources */,
				8417C21C197AACD500007269 /* RouteViewController.m in Sources */,
				8417C18A197AA32300007269 /* main.m in Sources */,
				8457FCD119824437005EC2C7 /* MyNavigationViewController.m in Sources */,
				8417C20C197AA43200007269 /* MyVisualStateManager.m in Sources */,
				842BC1BD199625BB00B235F1 /* LeftMenuHeaderCell.m in Sources */,
				8417C191197AA32300007269 /* iHealthKit.xcdatamodeld in Sources */,
				8417C206197AA43200007269 /* SettingsViewController.m in Sources */,
				8417C1F5197AA43200007269 /* MyLocationManager.m in Sources */,
			);
			runOnlyForDeploymentPostprocessing = 0;
		};
		8417C194197AA32300007269 /* Sources */ = {
			isa = PBXSourcesBuildPhase;
			buildActionMask = 2147483647;
			files = (
				8417C1A7197AA32400007269 /* iHealthKitTests.m in Sources */,
			);
			runOnlyForDeploymentPostprocessing = 0;
		};
/* End PBXSourcesBuildPhase section */

/* Begin PBXTargetDependency section */
		8417C19F197AA32400007269 /* PBXTargetDependency */ = {
			isa = PBXTargetDependency;
			target = 8417C177197AA32300007269 /* iHealthKit */;
			targetProxy = 8417C19E197AA32400007269 /* PBXContainerItemProxy */;
		};
/* End PBXTargetDependency section */

/* Begin PBXVariantGroup section */
		8417C186197AA32300007269 /* InfoPlist.strings */ = {
			isa = PBXVariantGroup;
			children = (
				8417C187197AA32300007269 /* en */,
			);
			name = InfoPlist.strings;
			sourceTree = "<group>";
		};
		8417C1A3197AA32400007269 /* InfoPlist.strings */ = {
			isa = PBXVariantGroup;
			children = (
				8417C1A4197AA32400007269 /* en */,
			);
			name = InfoPlist.strings;
			sourceTree = "<group>";
		};
/* End PBXVariantGroup section */

/* Begin XCBuildConfiguration section */
		8417C1A8197AA32400007269 /* Debug */ = {
			isa = XCBuildConfiguration;
			buildSettings = {
				ALWAYS_SEARCH_USER_PATHS = NO;
				CLANG_CXX_LANGUAGE_STANDARD = "gnu++0x";
				CLANG_CXX_LIBRARY = "libc++";
				CLANG_ENABLE_MODULES = YES;
				CLANG_ENABLE_OBJC_ARC = YES;
				CLANG_WARN_BOOL_CONVERSION = YES;
				CLANG_WARN_CONSTANT_CONVERSION = YES;
				CLANG_WARN_DIRECT_OBJC_ISA_USAGE = YES_ERROR;
				CLANG_WARN_EMPTY_BODY = YES;
				CLANG_WARN_ENUM_CONVERSION = YES;
				CLANG_WARN_INT_CONVERSION = YES;
				CLANG_WARN_OBJC_ROOT_CLASS = YES_ERROR;
				CLANG_WARN__DUPLICATE_METHOD_MATCH = YES;
				"CODE_SIGN_IDENTITY[sdk=iphoneos*]" = "iPhone Developer";
				COPY_PHASE_STRIP = NO;
				GCC_C_LANGUAGE_STANDARD = gnu99;
				GCC_DYNAMIC_NO_PIC = NO;
				GCC_OPTIMIZATION_LEVEL = 0;
				GCC_PREPROCESSOR_DEFINITIONS = (
					"DEBUG=1",
					"$(inherited)",
				);
				GCC_SYMBOLS_PRIVATE_EXTERN = NO;
				GCC_WARN_64_TO_32_BIT_CONVERSION = YES;
				GCC_WARN_ABOUT_RETURN_TYPE = YES_ERROR;
				GCC_WARN_UNDECLARED_SELECTOR = YES;
				GCC_WARN_UNINITIALIZED_AUTOS = YES_AGGRESSIVE;
				GCC_WARN_UNUSED_FUNCTION = YES;
				GCC_WARN_UNUSED_VARIABLE = YES;
				IPHONEOS_DEPLOYMENT_TARGET = 7.1;
				ONLY_ACTIVE_ARCH = YES;
				SDKROOT = iphoneos;
			};
			name = Debug;
		};
		8417C1A9197AA32400007269 /* Release */ = {
			isa = XCBuildConfiguration;
			buildSettings = {
				ALWAYS_SEARCH_USER_PATHS = NO;
				CLANG_CXX_LANGUAGE_STANDARD = "gnu++0x";
				CLANG_CXX_LIBRARY = "libc++";
				CLANG_ENABLE_MODULES = YES;
				CLANG_ENABLE_OBJC_ARC = YES;
				CLANG_WARN_BOOL_CONVERSION = YES;
				CLANG_WARN_CONSTANT_CONVERSION = YES;
				CLANG_WARN_DIRECT_OBJC_ISA_USAGE = YES_ERROR;
				CLANG_WARN_EMPTY_BODY = YES;
				CLANG_WARN_ENUM_CONVERSION = YES;
				CLANG_WARN_INT_CONVERSION = YES;
				CLANG_WARN_OBJC_ROOT_CLASS = YES_ERROR;
				CLANG_WARN__DUPLICATE_METHOD_MATCH = YES;
				"CODE_SIGN_IDENTITY[sdk=iphoneos*]" = "iPhone Developer";
				COPY_PHASE_STRIP = YES;
				ENABLE_NS_ASSERTIONS = NO;
				GCC_C_LANGUAGE_STANDARD = gnu99;
				GCC_WARN_64_TO_32_BIT_CONVERSION = YES;
				GCC_WARN_ABOUT_RETURN_TYPE = YES_ERROR;
				GCC_WARN_UNDECLARED_SELECTOR = YES;
				GCC_WARN_UNINITIALIZED_AUTOS = YES_AGGRESSIVE;
				GCC_WARN_UNUSED_FUNCTION = YES;
				GCC_WARN_UNUSED_VARIABLE = YES;
				IPHONEOS_DEPLOYMENT_TARGET = 7.1;
				SDKROOT = iphoneos;
				VALIDATE_PRODUCT = YES;
			};
			name = Release;
		};
		8417C1AB197AA32400007269 /* Debug */ = {
			isa = XCBuildConfiguration;
			buildSettings = {
				ASSETCATALOG_COMPILER_APPICON_NAME = AppIcon;
				ASSETCATALOG_COMPILER_LAUNCHIMAGE_NAME = LaunchImage;
				CODE_SIGN_IDENTITY = "iPhone Developer";
				"CODE_SIGN_IDENTITY[sdk=iphoneos*]" = "iPhone Developer";
				GCC_PRECOMPILE_PREFIX_HEADER = YES;
				GCC_PREFIX_HEADER = "iHealthKit/iHealthKit-Prefix.pch";
				INFOPLIST_FILE = "iHealthKit/iHealthKit-Info.plist";
				PRODUCT_NAME = "$(TARGET_NAME)";
				PROVISIONING_PROFILE = "";
				WRAPPER_EXTENSION = app;
			};
			name = Debug;
		};
		8417C1AC197AA32400007269 /* Release */ = {
			isa = XCBuildConfiguration;
			buildSettings = {
				ASSETCATALOG_COMPILER_APPICON_NAME = AppIcon;
				ASSETCATALOG_COMPILER_LAUNCHIMAGE_NAME = LaunchImage;
				CODE_SIGN_IDENTITY = "iPhone Developer";
				"CODE_SIGN_IDENTITY[sdk=iphoneos*]" = "iPhone Developer";
				GCC_PRECOMPILE_PREFIX_HEADER = YES;
				GCC_PREFIX_HEADER = "iHealthKit/iHealthKit-Prefix.pch";
				INFOPLIST_FILE = "iHealthKit/iHealthKit-Info.plist";
				PRODUCT_NAME = "$(TARGET_NAME)";
				PROVISIONING_PROFILE = "";
				WRAPPER_EXTENSION = app;
			};
			name = Release;
		};
		8417C1AE197AA32400007269 /* Debug */ = {
			isa = XCBuildConfiguration;
			buildSettings = {
				BUNDLE_LOADER = "$(BUILT_PRODUCTS_DIR)/iHealthKit.app/iHealthKit";
				FRAMEWORK_SEARCH_PATHS = (
					"$(SDKROOT)/Developer/Library/Frameworks",
					"$(inherited)",
					"$(DEVELOPER_FRAMEWORKS_DIR)",
				);
				GCC_PRECOMPILE_PREFIX_HEADER = YES;
				GCC_PREFIX_HEADER = "iHealthKit/iHealthKit-Prefix.pch";
				GCC_PREPROCESSOR_DEFINITIONS = (
					"DEBUG=1",
					"$(inherited)",
				);
				INFOPLIST_FILE = "iHealthKitTests/iHealthKitTests-Info.plist";
				PRODUCT_NAME = "$(TARGET_NAME)";
				TEST_HOST = "$(BUNDLE_LOADER)";
				WRAPPER_EXTENSION = xctest;
			};
			name = Debug;
		};
		8417C1AF197AA32400007269 /* Release */ = {
			isa = XCBuildConfiguration;
			buildSettings = {
				BUNDLE_LOADER = "$(BUILT_PRODUCTS_DIR)/iHealthKit.app/iHealthKit";
				FRAMEWORK_SEARCH_PATHS = (
					"$(SDKROOT)/Developer/Library/Frameworks",
					"$(inherited)",
					"$(DEVELOPER_FRAMEWORKS_DIR)",
				);
				GCC_PRECOMPILE_PREFIX_HEADER = YES;
				GCC_PREFIX_HEADER = "iHealthKit/iHealthKit-Prefix.pch";
				INFOPLIST_FILE = "iHealthKitTests/iHealthKitTests-Info.plist";
				PRODUCT_NAME = "$(TARGET_NAME)";
				TEST_HOST = "$(BUNDLE_LOADER)";
				WRAPPER_EXTENSION = xctest;
			};
			name = Release;
		};
/* End XCBuildConfiguration section */

/* Begin XCConfigurationList section */
		8417C173197AA32300007269 /* Build configuration list for PBXProject "iHealthKit" */ = {
			isa = XCConfigurationList;
			buildConfigurations = (
				8417C1A8197AA32400007269 /* Debug */,
				8417C1A9197AA32400007269 /* Release */,
			);
			defaultConfigurationIsVisible = 0;
			defaultConfigurationName = Release;
		};
		8417C1AA197AA32400007269 /* Build configuration list for PBXNativeTarget "iHealthKit" */ = {
			isa = XCConfigurationList;
			buildConfigurations = (
				8417C1AB197AA32400007269 /* Debug */,
				8417C1AC197AA32400007269 /* Release */,
			);
			defaultConfigurationIsVisible = 0;
			defaultConfigurationName = Release;
		};
		8417C1AD197AA32400007269 /* Build configuration list for PBXNativeTarget "iHealthKitTests" */ = {
			isa = XCConfigurationList;
			buildConfigurations = (
				8417C1AE197AA32400007269 /* Debug */,
				8417C1AF197AA32400007269 /* Release */,
			);
			defaultConfigurationIsVisible = 0;
			defaultConfigurationName = Release;
		};
/* End XCConfigurationList section */

/* Begin XCVersionGroup section */
		8417C18F197AA32300007269 /* iHealthKit.xcdatamodeld */ = {
			isa = XCVersionGroup;
			children = (
				8417C190197AA32300007269 /* iHealthKit.xcdatamodel */,
			);
			currentVersion = 8417C190197AA32300007269 /* iHealthKit.xcdatamodel */;
			path = iHealthKit.xcdatamodeld;
			sourceTree = "<group>";
			versionGroupType = wrapper.xcdatamodel;
		};
/* End XCVersionGroup section */
	};
	rootObject = 8417C170197AA32300007269 /* Project object */;
}
